
Microsoft Visual Studio Solution File, Format Version 12.00
# Visual Studio 15
Project("{FAE04EC0-301F-11D3-BF4B-00C04F79EFBC}") = "Assembly-CSharp", "Assembly-CSharp.csproj", "{27DDFB8F-8064-27CA-5890-FA7E84477BDE}"
EndProject
Global
	GlobalSection(SolutionConfigurationPlatforms) = preSolution
		Debug|Any CPU = Debug|Any CPU
		Release|Any CPU = Release|Any CPU
	EndGlobalSection
	GlobalSection(ProjectConfigurationPlatforms) = postSolution
		{27DDFB8F-8064-27CA-5890-FA7E84477BDE}.Debug|Any CPU.ActiveCfg = Debug|Any CPU
		{27DDFB8F-8064-27CA-5890-FA7E84477BDE}.Debug|Any CPU.Build.0 = Debug|Any CPU
		{27DDFB8F-8064-27CA-5890-FA7E84477BDE}.Release|Any CPU.ActiveCfg = Release|Any CPU
		{27DDFB8F-8064-27CA-5890-FA7E84477BDE}.Release|Any CPU.Build.0 = Release|Any CPU
	EndGlobalSection
	GlobalSection(SolutionProperties) = preSolution
		HideSolutionNode = FALSE
	EndGlobalSection
EndGlobal
